// !$*UTF8*$!
{
	archiveVersion = 1;
	classes = {
	};
	objectVersion = 56;
	objects = {

/* Begin PBXBuildFile section */
		54B446D32ADF7579001AD612 /* AppDelegate.swift in Sources */ = {isa = PBXBuildFile; fileRef = 54B446D22ADF7579001AD612 /* AppDelegate.swift */; };
		54B446D52ADF7579001AD612 /* SceneDelegate.swift in Sources */ = {isa = PBXBuildFile; fileRef = 54B446D42ADF7579001AD612 /* SceneDelegate.swift */; };
		54B446D72ADF7579001AD612 /* MovieViewController.swift in Sources */ = {isa = PBXBuildFile; fileRef = 54B446D62ADF7579001AD612 /* MovieViewController.swift */; };
		54B446DF2ADF757C001AD612 /* Assets.xcassets in Resources */ = {isa = PBXBuildFile; fileRef = 54B446DE2ADF757C001AD612 /* Assets.xcassets */; };
		54B446E22ADF757C001AD612 /* LaunchScreen.storyboard in Resources */ = {isa = PBXBuildFile; fileRef = 54B446E02ADF757C001AD612 /* LaunchScreen.storyboard */; };
		54B446ED2ADF757D001AD612 /* MoviesTaskTests.swift in Sources */ = {isa = PBXBuildFile; fileRef = 54B446EC2ADF757D001AD612 /* MoviesTaskTests.swift */; };
		54B446F72ADF757D001AD612 /* MoviesTaskUITests.swift in Sources */ = {isa = PBXBuildFile; fileRef = 54B446F62ADF757D001AD612 /* MoviesTaskUITests.swift */; };
		54B446F92ADF757D001AD612 /* MoviesTaskUITestsLaunchTests.swift in Sources */ = {isa = PBXBuildFile; fileRef = 54B446F82ADF757D001AD612 /* MoviesTaskUITestsLaunchTests.swift */; };
		54B447062ADF7C1A001AD612 /* Main.storyboard in Resources */ = {isa = PBXBuildFile; fileRef = 54B447052ADF7C1A001AD612 /* Main.storyboard */; };
		54B447092ADF7CB7001AD612 /* MovieDetailViewController.swift in Sources */ = {isa = PBXBuildFile; fileRef = 54B447082ADF7CB7001AD612 /* MovieDetailViewController.swift */; };
		54B4470B2ADF7CD0001AD612 /* MovieTableViewCell.swift in Sources */ = {isa = PBXBuildFile; fileRef = 54B4470A2ADF7CD0001AD612 /* MovieTableViewCell.swift */; };
		54B4470D2ADF7CE8001AD612 /* MovieTableViewCell.xib in Resources */ = {isa = PBXBuildFile; fileRef = 54B4470C2ADF7CE8001AD612 /* MovieTableViewCell.xib */; };
		54B447102ADF7D33001AD612 /* MoviesViewModel.swift in Sources */ = {isa = PBXBuildFile; fileRef = 54B4470F2ADF7D33001AD612 /* MoviesViewModel.swift */; };
		54B447122ADF7D4D001AD612 /* MoviesModel.swift in Sources */ = {isa = PBXBuildFile; fileRef = 54B447112ADF7D4D001AD612 /* MoviesModel.swift */; };
		54B4471B2ADF812C001AD612 /* UIViewController+Extensions.swift in Sources */ = {isa = PBXBuildFile; fileRef = 54B447182ADF812C001AD612 /* UIViewController+Extensions.swift */; };
		54B4471C2ADF812C001AD612 /* UIImage+Extension.swift in Sources */ = {isa = PBXBuildFile; fileRef = 54B447192ADF812C001AD612 /* UIImage+Extension.swift */; };
		54B4471D2ADF812C001AD612 /* Encodable+Extensions.swift in Sources */ = {isa = PBXBuildFile; fileRef = 54B4471A2ADF812C001AD612 /* Encodable+Extensions.swift */; };
		54B447222ADF8161001AD612 /* URLComponent+Dictionary.swift in Sources */ = {isa = PBXBuildFile; fileRef = 54B4471F2ADF8161001AD612 /* URLComponent+Dictionary.swift */; };
		54B447232ADF8161001AD612 /* NetworkManager.swift in Sources */ = {isa = PBXBuildFile; fileRef = 54B447202ADF8161001AD612 /* NetworkManager.swift */; };
		54B447242ADF8161001AD612 /* NetworkError.swift in Sources */ = {isa = PBXBuildFile; fileRef = 54B447212ADF8161001AD612 /* NetworkError.swift */; };
		54B447282ADF816A001AD612 /* CoreDataManager.swift in Sources */ = {isa = PBXBuildFile; fileRef = 54B447262ADF816A001AD612 /* CoreDataManager.swift */; };
		54B447292ADF816A001AD612 /* Constansts.swift in Sources */ = {isa = PBXBuildFile; fileRef = 54B447272ADF816A001AD612 /* Constansts.swift */; };
		54B4472E2ADF83BA001AD612 /* MoviesTask.xcdatamodeld in Sources */ = {isa = PBXBuildFile; fileRef = 54B4472C2ADF83BA001AD612 /* MoviesTask.xcdatamodeld */; };
/* End PBXBuildFile section */

/* Begin PBXContainerItemProxy section */
		54B446E92ADF757D001AD612 /* PBXContainerItemProxy */ = {
			isa = PBXContainerItemProxy;
			containerPortal = 54B446C72ADF7578001AD612 /* Project object */;
			proxyType = 1;
			remoteGlobalIDString = 54B446CE2ADF7579001AD612;
			remoteInfo = MoviesTask;
		};
		54B446F32ADF757D001AD612 /* PBXContainerItemProxy */ = {
			isa = PBXContainerItemProxy;
			containerPortal = 54B446C72ADF7578001AD612 /* Project object */;
			proxyType = 1;
			remoteGlobalIDString = 54B446CE2ADF7579001AD612;
			remoteInfo = MoviesTask;
		};
/* End PBXContainerItemProxy section */

/* Begin PBXFileReference section */
		54B446CF2ADF7579001AD612 /* MoviesTask.app */ = {isa = PBXFileReference; explicitFileType = wrapper.application; includeInIndex = 0; path = MoviesTask.app; sourceTree = BUILT_PRODUCTS_DIR; };
		54B446D22ADF7579001AD612 /* AppDelegate.swift */ = {isa = PBXFileReference; lastKnownFileType = sourcecode.swift; path = AppDelegate.swift; sourceTree = "<group>"; };
		54B446D42ADF7579001AD612 /* SceneDelegate.swift */ = {isa = PBXFileReference; lastKnownFileType = sourcecode.swift; path = SceneDelegate.swift; sourceTree = "<group>"; };
		54B446D62ADF7579001AD612 /* MovieViewController.swift */ = {isa = PBXFileReference; lastKnownFileType = sourcecode.swift; path = MovieViewController.swift; sourceTree = "<group>"; };
		54B446DE2ADF757C001AD612 /* Assets.xcassets */ = {isa = PBXFileReference; lastKnownFileType = folder.assetcatalog; path = Assets.xcassets; sourceTree = "<group>"; };
		54B446E12ADF757C001AD612 /* Base */ = {isa = PBXFileReference; lastKnownFileType = file.storyboard; name = Base; path = Base.lproj/LaunchScreen.storyboard; sourceTree = "<group>"; };
		54B446E32ADF757C001AD612 /* Info.plist */ = {isa = PBXFileReference; lastKnownFileType = text.plist.xml; path = Info.plist; sourceTree = "<group>"; };
		54B446E82ADF757D001AD612 /* MoviesTaskTests.xctest */ = {isa = PBXFileReference; explicitFileType = wrapper.cfbundle; includeInIndex = 0; path = MoviesTaskTests.xctest; sourceTree = BUILT_PRODUCTS_DIR; };
		54B446EC2ADF757D001AD612 /* MoviesTaskTests.swift */ = {isa = PBXFileReference; lastKnownFileType = sourcecode.swift; path = MoviesTaskTests.swift; sourceTree = "<group>"; };
		54B446F22ADF757D001AD612 /* MoviesTaskUITests.xctest */ = {isa = PBXFileReference; explicitFileType = wrapper.cfbundle; includeInIndex = 0; path = MoviesTaskUITests.xctest; sourceTree = BUILT_PRODUCTS_DIR; };
		54B446F62ADF757D001AD612 /* MoviesTaskUITests.swift */ = {isa = PBXFileReference; lastKnownFileType = sourcecode.swift; path = MoviesTaskUITests.swift; sourceTree = "<group>"; };
		54B446F82ADF757D001AD612 /* MoviesTaskUITestsLaunchTests.swift */ = {isa = PBXFileReference; lastKnownFileType = sourcecode.swift; path = MoviesTaskUITestsLaunchTests.swift; sourceTree = "<group>"; };
		54B447052ADF7C1A001AD612 /* Main.storyboard */ = {isa = PBXFileReference; fileEncoding = 4; lastKnownFileType = file.storyboard; path = Main.storyboard; sourceTree = "<group>"; };
		54B447082ADF7CB7001AD612 /* MovieDetailViewController.swift */ = {isa = PBXFileReference; lastKnownFileType = sourcecode.swift; path = MovieDetailViewController.swift; sourceTree = "<group>"; };
		54B4470A2ADF7CD0001AD612 /* MovieTableViewCell.swift */ = {isa = PBXFileReference; lastKnownFileType = sourcecode.swift; path = MovieTableViewCell.swift; sourceTree = "<group>"; };
		54B4470C2ADF7CE8001AD612 /* MovieTableViewCell.xib */ = {isa = PBXFileReference; fileEncoding = 4; lastKnownFileType = file.xib; path = MovieTableViewCell.xib; sourceTree = "<group>"; };
		54B4470F2ADF7D33001AD612 /* MoviesViewModel.swift */ = {isa = PBXFileReference; lastKnownFileType = sourcecode.swift; path = MoviesViewModel.swift; sourceTree = "<group>"; };
		54B447112ADF7D4D001AD612 /* MoviesModel.swift */ = {isa = PBXFileReference; lastKnownFileType = sourcecode.swift; path = MoviesModel.swift; sourceTree = "<group>"; };
		54B447182ADF812C001AD612 /* UIViewController+Extensions.swift */ = {isa = PBXFileReference; fileEncoding = 4; lastKnownFileType = sourcecode.swift; path = "UIViewController+Extensions.swift"; sourceTree = "<group>"; };
		54B447192ADF812C001AD612 /* UIImage+Extension.swift */ = {isa = PBXFileReference; fileEncoding = 4; lastKnownFileType = sourcecode.swift; path = "UIImage+Extension.swift"; sourceTree = "<group>"; };
		54B4471A2ADF812C001AD612 /* Encodable+Extensions.swift */ = {isa = PBXFileReference; fileEncoding = 4; lastKnownFileType = sourcecode.swift; path = "Encodable+Extensions.swift"; sourceTree = "<group>"; };
		54B4471F2ADF8161001AD612 /* URLComponent+Dictionary.swift */ = {isa = PBXFileReference; fileEncoding = 4; lastKnownFileType = sourcecode.swift; path = "URLComponent+Dictionary.swift"; sourceTree = "<group>"; };
		54B447202ADF8161001AD612 /* NetworkManager.swift */ = {isa = PBXFileReference; fileEncoding = 4; lastKnownFileType = sourcecode.swift; path = NetworkManager.swift; sourceTree = "<group>"; };
		54B447212ADF8161001AD612 /* NetworkError.swift */ = {isa = PBXFileReference; fileEncoding = 4; lastKnownFileType = sourcecode.swift; path = NetworkError.swift; sourceTree = "<group>"; };
		54B447262ADF816A001AD612 /* CoreDataManager.swift */ = {isa = PBXFileReference; fileEncoding = 4; lastKnownFileType = sourcecode.swift; path = CoreDataManager.swift; sourceTree = "<group>"; };
		54B447272ADF816A001AD612 /* Constansts.swift */ = {isa = PBXFileReference; fileEncoding = 4; lastKnownFileType = sourcecode.swift; path = Constansts.swift; sourceTree = "<group>"; };
		54B4472D2ADF83BA001AD612 /* MoviesTask.xcdatamodel */ = {isa = PBXFileReference; lastKnownFileType = wrapper.xcdatamodel; path = MoviesTask.xcdatamodel; sourceTree = "<group>"; };
/* End PBXFileReference section */

/* Begin PBXFrameworksBuildPhase section */
		54B446CC2ADF7579001AD612 /* Frameworks */ = {
			isa = PBXFrameworksBuildPhase;
			buildActionMask = 2147483647;
			files = (
			);
			runOnlyForDeploymentPostprocessing = 0;
		};
		54B446E52ADF757D001AD612 /* Frameworks */ = {
			isa = PBXFrameworksBuildPhase;
			buildActionMask = 2147483647;
			files = (
			);
			runOnlyForDeploymentPostprocessing = 0;
		};
		54B446EF2ADF757D001AD612 /* Frameworks */ = {
			isa = PBXFrameworksBuildPhase;
			buildActionMask = 2147483647;
			files = (
			);
			runOnlyForDeploymentPostprocessing = 0;
		};
/* End PBXFrameworksBuildPhase section */

/* Begin PBXGroup section */
		54B446C62ADF7578001AD612 = {
			isa = PBXGroup;
			children = (
				54B446D12ADF7579001AD612 /* MoviesTask */,
				54B446EB2ADF757D001AD612 /* MoviesTaskTests */,
				54B446F52ADF757D001AD612 /* MoviesTaskUITests */,
				54B446D02ADF7579001AD612 /* Products */,
			);
			sourceTree = "<group>";
		};
		54B446D02ADF7579001AD612 /* Products */ = {
			isa = PBXGroup;
			children = (
				54B446CF2ADF7579001AD612 /* MoviesTask.app */,
				54B446E82ADF757D001AD612 /* MoviesTaskTests.xctest */,
				54B446F22ADF757D001AD612 /* MoviesTaskUITests.xctest */,
			);
			name = Products;
			sourceTree = "<group>";
		};
		54B446D12ADF7579001AD612 /* MoviesTask */ = {
			isa = PBXGroup;
			children = (
				54B447172ADF812C001AD612 /* Extensions */,
				54B4472B2ADF8210001AD612 /* Resources */,
				54B447072ADF7C34001AD612 /* StoryBoards */,
				54B4472A2ADF818C001AD612 /* App */,
				54B4471E2ADF8161001AD612 /* Network */,
				54B447252ADF816A001AD612 /* Utilities */,
				54B447162ADF7DE9001AD612 /* MovieModule */,
			);
			path = MoviesTask;
			sourceTree = "<group>";
		};
		54B446EB2ADF757D001AD612 /* MoviesTaskTests */ = {
			isa = PBXGroup;
			children = (
				54B446EC2ADF757D001AD612 /* MoviesTaskTests.swift */,
			);
			path = MoviesTaskTests;
			sourceTree = "<group>";
		};
		54B446F52ADF757D001AD612 /* MoviesTaskUITests */ = {
			isa = PBXGroup;
			children = (
				54B446F62ADF757D001AD612 /* MoviesTaskUITests.swift */,
				54B446F82ADF757D001AD612 /* MoviesTaskUITestsLaunchTests.swift */,
			);
			path = MoviesTaskUITests;
			sourceTree = "<group>";
		};
		54B447072ADF7C34001AD612 /* StoryBoards */ = {
			isa = PBXGroup;
			children = (
				54B446E02ADF757C001AD612 /* LaunchScreen.storyboard */,
				54B447052ADF7C1A001AD612 /* Main.storyboard */,
			);
			path = StoryBoards;
			sourceTree = "<group>";
		};
		54B4470E2ADF7D10001AD612 /* View */ = {
			isa = PBXGroup;
			children = (
				54B446D62ADF7579001AD612 /* MovieViewController.swift */,
				54B447082ADF7CB7001AD612 /* MovieDetailViewController.swift */,
				54B4470A2ADF7CD0001AD612 /* MovieTableViewCell.swift */,
				54B4470C2ADF7CE8001AD612 /* MovieTableViewCell.xib */,
			);
			path = View;
			sourceTree = "<group>";
		};
		54B447132ADF7D5F001AD612 /* ViewModel */ = {
			isa = PBXGroup;
			children = (
				54B4470F2ADF7D33001AD612 /* MoviesViewModel.swift */,
			);
			path = ViewModel;
			sourceTree = "<group>";
		};
		54B447142ADF7D81001AD612 /* Model */ = {
			isa = PBXGroup;
			children = (
				54B4472C2ADF83BA001AD612 /* MoviesTask.xcdatamodeld */,
				54B447112ADF7D4D001AD612 /* MoviesModel.swift */,
			);
			path = Model;
			sourceTree = "<group>";
		};
		54B447162ADF7DE9001AD612 /* MovieModule */ = {
			isa = PBXGroup;
			children = (
				54B447142ADF7D81001AD612 /* Model */,
				54B447132ADF7D5F001AD612 /* ViewModel */,
				54B4470E2ADF7D10001AD612 /* View */,
			);
			path = MovieModule;
			sourceTree = "<group>";
		};
		54B447172ADF812C001AD612 /* Extensions */ = {
			isa = PBXGroup;
			children = (
				54B447182ADF812C001AD612 /* UIViewController+Extensions.swift */,
				54B447192ADF812C001AD612 /* UIImage+Extension.swift */,
				54B4471A2ADF812C001AD612 /* Encodable+Extensions.swift */,
			);
			path = Extensions;
			sourceTree = "<group>";
		};
		54B4471E2ADF8161001AD612 /* Network */ = {
			isa = PBXGroup;
			children = (
				54B4471F2ADF8161001AD612 /* URLComponent+Dictionary.swift */,
				54B447202ADF8161001AD612 /* NetworkManager.swift */,
				54B447212ADF8161001AD612 /* NetworkError.swift */,
			);
			path = Network;
			sourceTree = "<group>";
		};
		54B447252ADF816A001AD612 /* Utilities */ = {
			isa = PBXGroup;
			children = (
				54B447262ADF816A001AD612 /* CoreDataManager.swift */,
				54B447272ADF816A001AD612 /* Constansts.swift */,
			);
			path = Utilities;
			sourceTree = "<group>";
		};
		54B4472A2ADF818C001AD612 /* App */ = {
			isa = PBXGroup;
			children = (
				54B446D22ADF7579001AD612 /* AppDelegate.swift */,
				54B446D42ADF7579001AD612 /* SceneDelegate.swift */,
			);
			path = App;
			sourceTree = "<group>";
		};
		54B4472B2ADF8210001AD612 /* Resources */ = {
			isa = PBXGroup;
			children = (
				54B446DE2ADF757C001AD612 /* Assets.xcassets */,
				54B446E32ADF757C001AD612 /* Info.plist */,
			);
			path = Resources;
			sourceTree = "<group>";
		};
/* End PBXGroup section */

/* Begin PBXNativeTarget section */
		54B446CE2ADF7579001AD612 /* MoviesTask */ = {
			isa = PBXNativeTarget;
			buildConfigurationList = 54B446FC2ADF757D001AD612 /* Build configuration list for PBXNativeTarget "MoviesTask" */;
			buildPhases = (
				54B446CB2ADF7579001AD612 /* Sources */,
				54B446CC2ADF7579001AD612 /* Frameworks */,
				54B446CD2ADF7579001AD612 /* Resources */,
			);
			buildRules = (
			);
			dependencies = (
			);
			name = MoviesTask;
			productName = MoviesTask;
			productReference = 54B446CF2ADF7579001AD612 /* MoviesTask.app */;
			productType = "com.apple.product-type.application";
		};
		54B446E72ADF757D001AD612 /* MoviesTaskTests */ = {
			isa = PBXNativeTarget;
			buildConfigurationList = 54B446FF2ADF757D001AD612 /* Build configuration list for PBXNativeTarget "MoviesTaskTests" */;
			buildPhases = (
				54B446E42ADF757D001AD612 /* Sources */,
				54B446E52ADF757D001AD612 /* Frameworks */,
				54B446E62ADF757D001AD612 /* Resources */,
			);
			buildRules = (
			);
			dependencies = (
				54B446EA2ADF757D001AD612 /* PBXTargetDependency */,
			);
			name = MoviesTaskTests;
			productName = MoviesTaskTests;
			productReference = 54B446E82ADF757D001AD612 /* MoviesTaskTests.xctest */;
			productType = "com.apple.product-type.bundle.unit-test";
		};
		54B446F12ADF757D001AD612 /* MoviesTaskUITests */ = {
			isa = PBXNativeTarget;
			buildConfigurationList = 54B447022ADF757D001AD612 /* Build configuration list for PBXNativeTarget "MoviesTaskUITests" */;
			buildPhases = (
				54B446EE2ADF757D001AD612 /* Sources */,
				54B446EF2ADF757D001AD612 /* Frameworks */,
				54B446F02ADF757D001AD612 /* Resources */,
			);
			buildRules = (
			);
			dependencies = (
				54B446F42ADF757D001AD612 /* PBXTargetDependency */,
			);
			name = MoviesTaskUITests;
			productName = MoviesTaskUITests;
			productReference = 54B446F22ADF757D001AD612 /* MoviesTaskUITests.xctest */;
			productType = "com.apple.product-type.bundle.ui-testing";
		};
/* End PBXNativeTarget section */

/* Begin PBXProject section */
		54B446C72ADF7578001AD612 /* Project object */ = {
			isa = PBXProject;
			attributes = {
				BuildIndependentTargetsInParallel = 1;
				LastSwiftUpdateCheck = 1420;
				LastUpgradeCheck = 1420;
				TargetAttributes = {
					54B446CE2ADF7579001AD612 = {
						CreatedOnToolsVersion = 14.2;
					};
					54B446E72ADF757D001AD612 = {
						CreatedOnToolsVersion = 14.2;
						TestTargetID = 54B446CE2ADF7579001AD612;
					};
					54B446F12ADF757D001AD612 = {
						CreatedOnToolsVersion = 14.2;
						TestTargetID = 54B446CE2ADF7579001AD612;
					};
				};
			};
			buildConfigurationList = 54B446CA2ADF7578001AD612 /* Build configuration list for PBXProject "MoviesTask" */;
			compatibilityVersion = "Xcode 14.0";
			developmentRegion = en;
			hasScannedForEncodings = 0;
			knownRegions = (
				en,
				Base,
			);
			mainGroup = 54B446C62ADF7578001AD612;
			productRefGroup = 54B446D02ADF7579001AD612 /* Products */;
			projectDirPath = "";
			projectRoot = "";
			targets = (
				54B446CE2ADF7579001AD612 /* MoviesTask */,
				54B446E72ADF757D001AD612 /* MoviesTaskTests */,
				54B446F12ADF757D001AD612 /* MoviesTaskUITests */,
			);
		};
/* End PBXProject section */

/* Begin PBXResourcesBuildPhase section */
		54B446CD2ADF7579001AD612 /* Resources */ = {
			isa = PBXResourcesBuildPhase;
			buildActionMask = 2147483647;
			files = (
				54B447062ADF7C1A001AD612 /* Main.storyboard in Resources */,
				54B446E22ADF757C001AD612 /* LaunchScreen.storyboard in Resources */,
				54B4470D2ADF7CE8001AD612 /* MovieTableViewCell.xib in Resources */,
				54B446DF2ADF757C001AD612 /* Assets.xcassets in Resources */,
			);
			runOnlyForDeploymentPostprocessing = 0;
		};
		54B446E62ADF757D001AD612 /* Resources */ = {
			isa = PBXResourcesBuildPhase;
			buildActionMask = 2147483647;
			files = (
			);
			runOnlyForDeploymentPostprocessing = 0;
		};
		54B446F02ADF757D001AD612 /* Resources */ = {
			isa = PBXResourcesBuildPhase;
			buildActionMask = 2147483647;
			files = (
			);
			runOnlyForDeploymentPostprocessing = 0;
		};
/* End PBXResourcesBuildPhase section */

/* Begin PBXSourcesBuildPhase section */
		54B446CB2ADF7579001AD612 /* Sources */ = {
			isa = PBXSourcesBuildPhase;
			buildActionMask = 2147483647;
			files = (
				54B447122ADF7D4D001AD612 /* MoviesModel.swift in Sources */,
				54B447242ADF8161001AD612 /* NetworkError.swift in Sources */,
				54B446D72ADF7579001AD612 /* MovieViewController.swift in Sources */,
				54B447282ADF816A001AD612 /* CoreDataManager.swift in Sources */,
				54B447092ADF7CB7001AD612 /* MovieDetailViewController.swift in Sources */,
				54B4472E2ADF83BA001AD612 /* MoviesTask.xcdatamodeld in Sources */,
				54B447232ADF8161001AD612 /* NetworkManager.swift in Sources */,
				54B447222ADF8161001AD612 /* URLComponent+Dictionary.swift in Sources */,
				54B4470B2ADF7CD0001AD612 /* MovieTableViewCell.swift in Sources */,
				54B4471B2ADF812C001AD612 /* UIViewController+Extensions.swift in Sources */,
				54B4471D2ADF812C001AD612 /* Encodable+Extensions.swift in Sources */,
				54B447292ADF816A001AD612 /* Constansts.swift in Sources */,
				54B447102ADF7D33001AD612 /* MoviesViewModel.swift in Sources */,
				54B4471C2ADF812C001AD612 /* UIImage+Extension.swift in Sources */,
				54B446D32ADF7579001AD612 /* AppDelegate.swift in Sources */,
				54B446D52ADF7579001AD612 /* SceneDelegate.swift in Sources */,
			);
			runOnlyForDeploymentPostprocessing = 0;
		};
		54B446E42ADF757D001AD612 /* Sources */ = {
			isa = PBXSourcesBuildPhase;
			buildActionMask = 2147483647;
			files = (
				54B446ED2ADF757D001AD612 /* MoviesTaskTests.swift in Sources */,
			);
			runOnlyForDeploymentPostprocessing = 0;
		};
		54B446EE2ADF757D001AD612 /* Sources */ = {
			isa = PBXSourcesBuildPhase;
			buildActionMask = 2147483647;
			files = (
				54B446F92ADF757D001AD612 /* MoviesTaskUITestsLaunchTests.swift in Sources */,
				54B446F72ADF757D001AD612 /* MoviesTaskUITests.swift in Sources */,
			);
			runOnlyForDeploymentPostprocessing = 0;
		};
/* End PBXSourcesBuildPhase section */

/* Begin PBXTargetDependency section */
		54B446EA2ADF757D001AD612 /* PBXTargetDependency */ = {
			isa = PBXTargetDependency;
			target = 54B446CE2ADF7579001AD612 /* MoviesTask */;
			targetProxy = 54B446E92ADF757D001AD612 /* PBXContainerItemProxy */;
		};
		54B446F42ADF757D001AD612 /* PBXTargetDependency */ = {
			isa = PBXTargetDependency;
			target = 54B446CE2ADF7579001AD612 /* MoviesTask */;
			targetProxy = 54B446F32ADF757D001AD612 /* PBXContainerItemProxy */;
		};
/* End PBXTargetDependency section */

/* Begin PBXVariantGroup section */
		54B446E02ADF757C001AD612 /* LaunchScreen.storyboard */ = {
			isa = PBXVariantGroup;
			children = (
				54B446E12ADF757C001AD612 /* Base */,
			);
			name = LaunchScreen.storyboard;
			sourceTree = "<group>";
		};
/* End PBXVariantGroup section */

/* Begin XCBuildConfiguration section */
		54B446FA2ADF757D001AD612 /* Debug */ = {
			isa = XCBuildConfiguration;
			buildSettings = {
				ALWAYS_SEARCH_USER_PATHS = NO;
				CLANG_ANALYZER_NONNULL = YES;
				CLANG_ANALYZER_NUMBER_OBJECT_CONVERSION = YES_AGGRESSIVE;
				CLANG_CXX_LANGUAGE_STANDARD = "gnu++20";
				CLANG_ENABLE_MODULES = YES;
				CLANG_ENABLE_OBJC_ARC = YES;
				CLANG_ENABLE_OBJC_WEAK = YES;
				CLANG_WARN_BLOCK_CAPTURE_AUTORELEASING = YES;
				CLANG_WARN_BOOL_CONVERSION = YES;
				CLANG_WARN_COMMA = YES;
				CLANG_WARN_CONSTANT_CONVERSION = YES;
				CLANG_WARN_DEPRECATED_OBJC_IMPLEMENTATIONS = YES;
				CLANG_WARN_DIRECT_OBJC_ISA_USAGE = YES_ERROR;
				CLANG_WARN_DOCUMENTATION_COMMENTS = YES;
				CLANG_WARN_EMPTY_BODY = YES;
				CLANG_WARN_ENUM_CONVERSION = YES;
				CLANG_WARN_INFINITE_RECURSION = YES;
				CLANG_WARN_INT_CONVERSION = YES;
				CLANG_WARN_NON_LITERAL_NULL_CONVERSION = YES;
				CLANG_WARN_OBJC_IMPLICIT_RETAIN_SELF = YES;
				CLANG_WARN_OBJC_LITERAL_CONVERSION = YES;
				CLANG_WARN_OBJC_ROOT_CLASS = YES_ERROR;
				CLANG_WARN_QUOTED_INCLUDE_IN_FRAMEWORK_HEADER = YES;
				CLANG_WARN_RANGE_LOOP_ANALYSIS = YES;
				CLANG_WARN_STRICT_PROTOTYPES = YES;
				CLANG_WARN_SUSPICIOUS_MOVE = YES;
				CLANG_WARN_UNGUARDED_AVAILABILITY = YES_AGGRESSIVE;
				CLANG_WARN_UNREACHABLE_CODE = YES;
				CLANG_WARN__DUPLICATE_METHOD_MATCH = YES;
				COPY_PHASE_STRIP = NO;
				DEBUG_INFORMATION_FORMAT = dwarf;
				ENABLE_STRICT_OBJC_MSGSEND = YES;
				ENABLE_TESTABILITY = YES;
				GCC_C_LANGUAGE_STANDARD = gnu11;
				GCC_DYNAMIC_NO_PIC = NO;
				GCC_NO_COMMON_BLOCKS = YES;
				GCC_OPTIMIZATION_LEVEL = 0;
				GCC_PREPROCESSOR_DEFINITIONS = (
					"DEBUG=1",
					"$(inherited)",
				);
				GCC_WARN_64_TO_32_BIT_CONVERSION = YES;
				GCC_WARN_ABOUT_RETURN_TYPE = YES_ERROR;
				GCC_WARN_UNDECLARED_SELECTOR = YES;
				GCC_WARN_UNINITIALIZED_AUTOS = YES_AGGRESSIVE;
				GCC_WARN_UNUSED_FUNCTION = YES;
				GCC_WARN_UNUSED_VARIABLE = YES;
				IPHONEOS_DEPLOYMENT_TARGET = 16.2;
				MTL_ENABLE_DEBUG_INFO = INCLUDE_SOURCE;
				MTL_FAST_MATH = YES;
				ONLY_ACTIVE_ARCH = YES;
				SDKROOT = iphoneos;
				SWIFT_ACTIVE_COMPILATION_CONDITIONS = DEBUG;
				SWIFT_OPTIMIZATION_LEVEL = "-Onone";
			};
			name = Debug;
		};
		54B446FB2ADF757D001AD612 /* Release */ = {
			isa = XCBuildConfiguration;
			buildSettings = {
				ALWAYS_SEARCH_USER_PATHS = NO;
				CLANG_ANALYZER_NONNULL = YES;
				CLANG_ANALYZER_NUMBER_OBJECT_CONVERSION = YES_AGGRESSIVE;
				CLANG_CXX_LANGUAGE_STANDARD = "gnu++20";
				CLANG_ENABLE_MODULES = YES;
				CLANG_ENABLE_OBJC_ARC = YES;
				CLANG_ENABLE_OBJC_WEAK = YES;
				CLANG_WARN_BLOCK_CAPTURE_AUTORELEASING = YES;
				CLANG_WARN_BOOL_CONVERSION = YES;
				CLANG_WARN_COMMA = YES;
				CLANG_WARN_CONSTANT_CONVERSION = YES;
				CLANG_WARN_DEPRECATED_OBJC_IMPLEMENTATIONS = YES;
				CLANG_WARN_DIRECT_OBJC_ISA_USAGE = YES_ERROR;
				CLANG_WARN_DOCUMENTATION_COMMENTS = YES;
				CLANG_WARN_EMPTY_BODY = YES;
				CLANG_WARN_ENUM_CONVERSION = YES;
				CLANG_WARN_INFINITE_RECURSION = YES;
				CLANG_WARN_INT_CONVERSION = YES;
				CLANG_WARN_NON_LITERAL_NULL_CONVERSION = YES;
				CLANG_WARN_OBJC_IMPLICIT_RETAIN_SELF = YES;
				CLANG_WARN_OBJC_LITERAL_CONVERSION = YES;
				CLANG_WARN_OBJC_ROOT_CLASS = YES_ERROR;
				CLANG_WARN_QUOTED_INCLUDE_IN_FRAMEWORK_HEADER = YES;
				CLANG_WARN_RANGE_LOOP_ANALYSIS = YES;
				CLANG_WARN_STRICT_PROTOTYPES = YES;
				CLANG_WARN_SUSPICIOUS_MOVE = YES;
				CLANG_WARN_UNGUARDED_AVAILABILITY = YES_AGGRESSIVE;
				CLANG_WARN_UNREACHABLE_CODE = YES;
				CLANG_WARN__DUPLICATE_METHOD_MATCH = YES;
				COPY_PHASE_STRIP = NO;
				DEBUG_INFORMATION_FORMAT = "dwarf-with-dsym";
				ENABLE_NS_ASSERTIONS = NO;
				ENABLE_STRICT_OBJC_MSGSEND = YES;
				GCC_C_LANGUAGE_STANDARD = gnu11;
				GCC_NO_COMMON_BLOCKS = YES;
				GCC_WARN_64_TO_32_BIT_CONVERSION = YES;
				GCC_WARN_ABOUT_RETURN_TYPE = YES_ERROR;
				GCC_WARN_UNDECLARED_SELECTOR = YES;
				GCC_WARN_UNINITIALIZED_AUTOS = YES_AGGRESSIVE;
				GCC_WARN_UNUSED_FUNCTION = YES;
				GCC_WARN_UNUSED_VARIABLE = YES;
				IPHONEOS_DEPLOYMENT_TARGET = 16.2;
				MTL_ENABLE_DEBUG_INFO = NO;
				MTL_FAST_MATH = YES;
				SDKROOT = iphoneos;
				SWIFT_COMPILATION_MODE = wholemodule;
				SWIFT_OPTIMIZATION_LEVEL = "-O";
				VALIDATE_PRODUCT = YES;
			};
			name = Release;
		};
		54B446FD2ADF757D001AD612 /* Debug */ = {
			isa = XCBuildConfiguration;
			buildSettings = {
				ASSETCATALOG_COMPILER_APPICON_NAME = AppIcon;
				ASSETCATALOG_COMPILER_GLOBAL_ACCENT_COLOR_NAME = AccentColor;
				CODE_SIGN_STYLE = Automatic;
				CURRENT_PROJECT_VERSION = 1;
				DEVELOPMENT_TEAM = A32VHM5D6N;
				GENERATE_INFOPLIST_FILE = YES;
				INFOPLIST_FILE = MoviesTask/Resources/Info.plist;
				INFOPLIST_KEY_UIApplicationSupportsIndirectInputEvents = YES;
				INFOPLIST_KEY_UILaunchStoryboardName = LaunchScreen;
				INFOPLIST_KEY_UIMainStoryboardFile = Main;
				INFOPLIST_KEY_UISupportedInterfaceOrientations_iPad = "UIInterfaceOrientationPortrait UIInterfaceOrientationPortraitUpsideDown UIInterfaceOrientationLandscapeLeft UIInterfaceOrientationLandscapeRight";
				INFOPLIST_KEY_UISupportedInterfaceOrientations_iPhone = "UIInterfaceOrientationPortrait UIInterfaceOrientationLandscapeLeft UIInterfaceOrientationLandscapeRight";
				LD_RUNPATH_SEARCH_PATHS = (
					"$(inherited)",
					"@executable_path/Frameworks",
				);
				MARKETING_VERSION = 1.0;
				PRODUCT_BUNDLE_IDENTIFIER = tejagoudallam.MoviesTask;
				PRODUCT_NAME = "$(TARGET_NAME)";
				SWIFT_EMIT_LOC_STRINGS = YES;
				SWIFT_VERSION = 5.0;
				TARGETED_DEVICE_FAMILY = "1,2";
			};
			name = Debug;
		};
		54B446FE2ADF757D001AD612 /* Release */ = {
			isa = XCBuildConfiguration;
			buildSettings = {
				ASSETCATALOG_COMPILER_APPICON_NAME = AppIcon;
				ASSETCATALOG_COMPILER_GLOBAL_ACCENT_COLOR_NAME = AccentColor;
				CODE_SIGN_STYLE = Automatic;
				CURRENT_PROJECT_VERSION = 1;
				DEVELOPMENT_TEAM = A32VHM5D6N;
				GENERATE_INFOPLIST_FILE = YES;
				INFOPLIST_FILE = MoviesTask/Resources/Info.plist;
				INFOPLIST_KEY_UIApplicationSupportsIndirectInputEvents = YES;
				INFOPLIST_KEY_UILaunchStoryboardName = LaunchScreen;
				INFOPLIST_KEY_UIMainStoryboardFile = Main;
				INFOPLIST_KEY_UISupportedInterfaceOrientations_iPad = "UIInterfaceOrientationPortrait UIInterfaceOrientationPortraitUpsideDown UIInterfaceOrientationLandscapeLeft UIInterfaceOrientationLandscapeRight";
				INFOPLIST_KEY_UISupportedInterfaceOrientations_iPhone = "UIInterfaceOrientationPortrait UIInterfaceOrientationLandscapeLeft UIInterfaceOrientationLandscapeRight";
				LD_RUNPATH_SEARCH_PATHS = (
					"$(inherited)",
					"@executable_path/Frameworks",
				);
				MARKETING_VERSION = 1.0;
				PRODUCT_BUNDLE_IDENTIFIER = tejagoudallam.MoviesTask;
				PRODUCT_NAME = "$(TARGET_NAME)";
				SWIFT_EMIT_LOC_STRINGS = YES;
				SWIFT_VERSION = 5.0;
				TARGETED_DEVICE_FAMILY = "1,2";
			};
			name = Release;
		};
		54B447002ADF757D001AD612 /* Debug */ = {
			isa = XCBuildConfiguration;
			buildSettings = {
				ALWAYS_EMBED_SWIFT_STANDARD_LIBRARIES = YES;
				BUNDLE_LOADER = "$(TEST_HOST)";
				CODE_SIGN_STYLE = Automatic;
				CURRENT_PROJECT_VERSION = 1;
				DEVELOPMENT_TEAM = A32VHM5D6N;
				GENERATE_INFOPLIST_FILE = YES;
				IPHONEOS_DEPLOYMENT_TARGET = 16.2;
				MARKETING_VERSION = 1.0;
				PRODUCT_BUNDLE_IDENTIFIER = tejagoudallam.MoviesTaskTests;
				PRODUCT_NAME = "$(TARGET_NAME)";
				SWIFT_EMIT_LOC_STRINGS = NO;
				SWIFT_VERSION = 5.0;
				TARGETED_DEVICE_FAMILY = "1,2";
				TEST_HOST = "$(BUILT_PRODUCTS_DIR)/MoviesTask.app/$(BUNDLE_EXECUTABLE_FOLDER_PATH)/MoviesTask";
			};
			name = Debug;
		};
		54B447012ADF757D001AD612 /* Release */ = {
			isa = XCBuildConfiguration;
			buildSettings = {
				ALWAYS_EMBED_SWIFT_STANDARD_LIBRARIES = YES;
				BUNDLE_LOADER = "$(TEST_HOST)";
				CODE_SIGN_STYLE = Automatic;
				CURRENT_PROJECT_VERSION = 1;
				DEVELOPMENT_TEAM = A32VHM5D6N;
				GENERATE_INFOPLIST_FILE = YES;
				IPHONEOS_DEPLOYMENT_TARGET = 16.2;
				MARKETING_VERSION = 1.0;
				PRODUCT_BUNDLE_IDENTIFIER = tejagoudallam.MoviesTaskTests;
				PRODUCT_NAME = "$(TARGET_NAME)";
				SWIFT_EMIT_LOC_STRINGS = NO;
				SWIFT_VERSION = 5.0;
				TARGETED_DEVICE_FAMILY = "1,2";
				TEST_HOST = "$(BUILT_PRODUCTS_DIR)/MoviesTask.app/$(BUNDLE_EXECUTABLE_FOLDER_PATH)/MoviesTask";
			};
			name = Release;
		};
		54B447032ADF757D001AD612 /* Debug */ = {
			isa = XCBuildConfiguration;
			buildSettings = {
				ALWAYS_EMBED_SWIFT_STANDARD_LIBRARIES = YES;
				CODE_SIGN_STYLE = Automatic;
				CURRENT_PROJECT_VERSION = 1;
				DEVELOPMENT_TEAM = A32VHM5D6N;
				GENERATE_INFOPLIST_FILE = YES;
				MARKETING_VERSION = 1.0;
				PRODUCT_BUNDLE_IDENTIFIER = tejagoudallam.MoviesTaskUITests;
				PRODUCT_NAME = "$(TARGET_NAME)";
				SWIFT_EMIT_LOC_STRINGS = NO;
				SWIFT_VERSION = 5.0;
				TARGETED_DEVICE_FAMILY = "1,2";
				TEST_TARGET_NAME = MoviesTask;
			};
			name = Debug;
		};
		54B447042ADF757D001AD612 /* Release */ = {
			isa = XCBuildConfiguration;
			buildSettings = {
				ALWAYS_EMBED_SWIFT_STANDARD_LIBRARIES = YES;
				CODE_SIGN_STYLE = Automatic;
				CURRENT_PROJECT_VERSION = 1;
				DEVELOPMENT_TEAM = A32VHM5D6N;
				GENERATE_INFOPLIST_FILE = YES;
				MARKETING_VERSION = 1.0;
				PRODUCT_BUNDLE_IDENTIFIER = tejagoudallam.MoviesTaskUITests;
				PRODUCT_NAME = "$(TARGET_NAME)";
				SWIFT_EMIT_LOC_STRINGS = NO;
				SWIFT_VERSION = 5.0;
				TARGETED_DEVICE_FAMILY = "1,2";
				TEST_TARGET_NAME = MoviesTask;
			};
			name = Release;
		};
/* End XCBuildConfiguration section */

/* Begin XCConfigurationList section */
		54B446CA2ADF7578001AD612 /* Build configuration list for PBXProject "MoviesTask" */ = {
			isa = XCConfigurationList;
			buildConfigurations = (
				54B446FA2ADF757D001AD612 /* Debug */,
				54B446FB2ADF757D001AD612 /* Release */,
			);
			defaultConfigurationIsVisible = 0;
			defaultConfigurationName = Release;
		};
		54B446FC2ADF757D001AD612 /* Build configuration list for PBXNativeTarget "MoviesTask" */ = {
			isa = XCConfigurationList;
			buildConfigurations = (
				54B446FD2ADF757D001AD612 /* Debug */,
				54B446FE2ADF757D001AD612 /* Release */,
			);
			defaultConfigurationIsVisible = 0;
			defaultConfigurationName = Release;
		};
		54B446FF2ADF757D001AD612 /* Build configuration list for PBXNativeTarget "MoviesTaskTests" */ = {
			isa = XCConfigurationList;
			buildConfigurations = (
				54B447002ADF757D001AD612 /* Debug */,
				54B447012ADF757D001AD612 /* Release */,
			);
			defaultConfigurationIsVisible = 0;
			defaultConfigurationName = Release;
		};
		54B447022ADF757D001AD612 /* Build configuration list for PBXNativeTarget "MoviesTaskUITests" */ = {
			isa = XCConfigurationList;
			buildConfigurations = (
				54B447032ADF757D001AD612 /* Debug */,
				54B447042ADF757D001AD612 /* Release */,
			);
			defaultConfigurationIsVisible = 0;
			defaultConfigurationName = Release;
		};
/* End XCConfigurationList section */

/* Begin XCVersionGroup section */
		54B4472C2ADF83BA001AD612 /* MoviesTask.xcdatamodeld */ = {
			isa = XCVersionGroup;
			children = (
				54B4472D2ADF83BA001AD612 /* MoviesTask.xcdatamodel */,
			);
			currentVersion = 54B4472D2ADF83BA001AD612 /* MoviesTask.xcdatamodel */;
			name = MoviesTask.xcdatamodeld;
			path = ../../../../../Downloads/MoviesTask/MoviesTask/Movie/Model/MoviesTask.xcdatamodeld;
			sourceTree = "<group>";
			versionGroupType = wrapper.xcdatamodel;
		};
/* End XCVersionGroup section */
	};
	rootObject = 54B446C72ADF7578001AD612 /* Project object */;
}
